
Microsoft Visual Studio Solution File, Format Version 12.00
# Visual Studio Version 17
VisualStudioVersion = 17.1.32328.378
MinimumVisualStudioVersion = 10.0.40219.1
Project("{FAE04EC0-301F-11D3-BF4B-00C04F79EFBC}") = "Currency Calc", "Currency Calc.csproj", "{A287BD72-D948-4DEA-BD51-EE36F041D99A}"
EndProject
Global
	GlobalSection(SolutionConfigurationPlatforms) = preSolution
		Debug|Any CPU = Debug|Any CPU
		Release|Any CPU = Release|Any CPU
	EndGlobalSection
	GlobalSection(ProjectConfigurationPlatforms) = postSolution
		{A287BD72-D948-4DEA-BD51-EE36F041D99A}.Debug|Any CPU.ActiveCfg = Debug|Any CPU
		{A287BD72-D948-4DEA-BD51-EE36F041D99A}.Debug|Any CPU.Build.0 = Debug|Any CPU
		{A287BD72-D948-4DEA-BD51-EE36F041D99A}.Release|Any CPU.ActiveCfg = Release|Any CPU
		{A287BD72-D948-4DEA-BD51-EE36F041D99A}.Release|Any CPU.Build.0 = Release|Any CPU
	EndGlobalSection
	GlobalSection(SolutionProperties) = preSolution
		HideSolutionNode = FALSE
	EndGlobalSection
	GlobalSection(ExtensibilityGlobals) = postSolution
		SolutionGuid = {0CBD58E6-F2F4-48DA-8D9D-1C47FC473AFC}
	EndGlobalSection
EndGlobal
